{
  "pins" : [
    {
      "identity" : "moonkit",
      "kind" : "remoteSourceControl",
      "location" : "https://github.com/thejohnlima/MoonKit.git",
      "state" : {
        "revision" : "a1dfcc9e4f05150d58ba0e47a685eb7bfcbf1b22",
        "version" : "1.0.5"
      }
    }
  ],
  "version" : 2
}
