// !$*UTF8*$!
{
	archiveVersion = 1;
	classes = {
	};
	objectVersion = 56;
	objects = {

/* Begin PBXBuildFile section */
		F19216202B21CEFC0003726A /* SlingshotMultipleValueToggle.swift in Sources */ = {isa = PBXBuildFile; fileRef = F192161F2B21CEFC0003726A /* SlingshotMultipleValueToggle.swift */; };
		F1C8DD422B14B47E0019531A /* MoonPhaseApp.swift in Sources */ = {isa = PBXBuildFile; fileRef = F1C8DD412B14B47E0019531A /* MoonPhaseApp.swift */; };
		F1C8DD442B14B47E0019531A /* ContentView.swift in Sources */ = {isa = PBXBuildFile; fileRef = F1C8DD432B14B47E0019531A /* ContentView.swift */; };
		F1C8DD462B14B4800019531A /* Assets.xcassets in Resources */ = {isa = PBXBuildFile; fileRef = F1C8DD452B14B4800019531A /* Assets.xcassets */; };
		F1C8DD492B14B4800019531A /* Preview Assets.xcassets in Resources */ = {isa = PBXBuildFile; fileRef = F1C8DD482B14B4800019531A /* Preview Assets.xcassets */; };
		F1C8DD532B14B7190019531A /* PlanetSceneView.swift in Sources */ = {isa = PBXBuildFile; fileRef = F1C8DD522B14B7190019531A /* PlanetSceneView.swift */; };
		F1CCC6EC2B15DA3B008F6851 /* Moon.swift in Sources */ = {isa = PBXBuildFile; fileRef = F1CCC6EB2B15DA3B008F6851 /* Moon.swift */; };
		F1E1EEFF2B173863005C9CE6 /* SolarSystemPlanetScene.swift in Sources */ = {isa = PBXBuildFile; fileRef = F1E1EEFE2B173863005C9CE6 /* SolarSystemPlanetScene.swift */; };
		F1E1EF012B173892005C9CE6 /* SolarSystemCameraScene.swift in Sources */ = {isa = PBXBuildFile; fileRef = F1E1EF002B173892005C9CE6 /* SolarSystemCameraScene.swift */; };
/* End PBXBuildFile section */

/* Begin PBXFileReference section */
		F192161F2B21CEFC0003726A /* SlingshotMultipleValueToggle.swift */ = {isa = PBXFileReference; fileEncoding = 4; lastKnownFileType = sourcecode.swift; path = SlingshotMultipleValueToggle.swift; sourceTree = "<group>"; };
		F1C8DD3E2B14B47E0019531A /* MoonPhase.app */ = {isa = PBXFileReference; explicitFileType = wrapper.application; includeInIndex = 0; path = MoonPhase.app; sourceTree = BUILT_PRODUCTS_DIR; };
		F1C8DD412B14B47E0019531A /* MoonPhaseApp.swift */ = {isa = PBXFileReference; lastKnownFileType = sourcecode.swift; path = MoonPhaseApp.swift; sourceTree = "<group>"; };
		F1C8DD432B14B47E0019531A /* ContentView.swift */ = {isa = PBXFileReference; lastKnownFileType = sourcecode.swift; path = ContentView.swift; sourceTree = "<group>"; };
		F1C8DD452B14B4800019531A /* Assets.xcassets */ = {isa = PBXFileReference; lastKnownFileType = folder.assetcatalog; path = Assets.xcassets; sourceTree = "<group>"; };
		F1C8DD482B14B4800019531A /* Preview Assets.xcassets */ = {isa = PBXFileReference; lastKnownFileType = folder.assetcatalog; path = "Preview Assets.xcassets"; sourceTree = "<group>"; };
		F1C8DD522B14B7190019531A /* PlanetSceneView.swift */ = {isa = PBXFileReference; lastKnownFileType = sourcecode.swift; path = PlanetSceneView.swift; sourceTree = "<group>"; };
		F1CCC6EB2B15DA3B008F6851 /* Moon.swift */ = {isa = PBXFileReference; lastKnownFileType = sourcecode.swift; path = Moon.swift; sourceTree = "<group>"; };
		F1E1EEFE2B173863005C9CE6 /* SolarSystemPlanetScene.swift */ = {isa = PBXFileReference; lastKnownFileType = sourcecode.swift; path = SolarSystemPlanetScene.swift; sourceTree = "<group>"; };
		F1E1EF002B173892005C9CE6 /* SolarSystemCameraScene.swift */ = {isa = PBXFileReference; lastKnownFileType = sourcecode.swift; path = SolarSystemCameraScene.swift; sourceTree = "<group>"; };
/* End PBXFileReference section */

/* Begin PBXFrameworksBuildPhase section */
		F1C8DD3B2B14B47E0019531A /* Frameworks */ = {
			isa = PBXFrameworksBuildPhase;
			buildActionMask = 2147483647;
			files = (
			);
			runOnlyForDeploymentPostprocessing = 0;
		};
/* End PBXFrameworksBuildPhase section */

/* Begin PBXGroup section */
		F1C8DD352B14B47E0019531A = {
			isa = PBXGroup;
			children = (
				F1C8DD402B14B47E0019531A /* MoonPhase */,
				F1C8DD3F2B14B47E0019531A /* Products */,
			);
			sourceTree = "<group>";
		};
		F1C8DD3F2B14B47E0019531A /* Products */ = {
			isa = PBXGroup;
			children = (
				F1C8DD3E2B14B47E0019531A /* MoonPhase.app */,
			);
			name = Products;
			sourceTree = "<group>";
		};
		F1C8DD402B14B47E0019531A /* MoonPhase */ = {
			isa = PBXGroup;
			children = (
				F1E1EF052B17393A005C9CE6 /* CustomViews */,
				F1E1EF022B1738D3005C9CE6 /* PlanetSceneKit */,
				F1CCC6EA2B15DA2A008F6851 /* MoonKit */,
				F1C8DD412B14B47E0019531A /* MoonPhaseApp.swift */,
				F1C8DD432B14B47E0019531A /* ContentView.swift */,
				F1C8DD452B14B4800019531A /* Assets.xcassets */,
				F1C8DD472B14B4800019531A /* Preview Content */,
			);
			path = MoonPhase;
			sourceTree = "<group>";
		};
		F1C8DD472B14B4800019531A /* Preview Content */ = {
			isa = PBXGroup;
			children = (
				F1C8DD482B14B4800019531A /* Preview Assets.xcassets */,
			);
			path = "Preview Content";
			sourceTree = "<group>";
		};
		F1CCC6EA2B15DA2A008F6851 /* MoonKit */ = {
			isa = PBXGroup;
			children = (
				F1CCC6EB2B15DA3B008F6851 /* Moon.swift */,
			);
			path = MoonKit;
			sourceTree = "<group>";
		};
		F1E1EF022B1738D3005C9CE6 /* PlanetSceneKit */ = {
			isa = PBXGroup;
			children = (
				F1C8DD522B14B7190019531A /* PlanetSceneView.swift */,
				F1E1EEFE2B173863005C9CE6 /* SolarSystemPlanetScene.swift */,
				F1E1EF002B173892005C9CE6 /* SolarSystemCameraScene.swift */,
			);
			path = PlanetSceneKit;
			sourceTree = "<group>";
		};
		F1E1EF052B17393A005C9CE6 /* CustomViews */ = {
			isa = PBXGroup;
			children = (
				F192161F2B21CEFC0003726A /* SlingshotMultipleValueToggle.swift */,
			);
			path = CustomViews;
			sourceTree = "<group>";
		};
/* End PBXGroup section */

/* Begin PBXNativeTarget section */
		F1C8DD3D2B14B47E0019531A /* MoonPhase */ = {
			isa = PBXNativeTarget;
			buildConfigurationList = F1C8DD4C2B14B4800019531A /* Build configuration list for PBXNativeTarget "MoonPhase" */;
			buildPhases = (
				F1C8DD3A2B14B47E0019531A /* Sources */,
				F1C8DD3B2B14B47E0019531A /* Frameworks */,
				F1C8DD3C2B14B47E0019531A /* Resources */,
			);
			buildRules = (
			);
			dependencies = (
			);
			name = MoonPhase;
			packageProductDependencies = (
			);
			productName = MoonPhase;
			productReference = F1C8DD3E2B14B47E0019531A /* MoonPhase.app */;
			productType = "com.apple.product-type.application";
		};
/* End PBXNativeTarget section */

/* Begin PBXProject section */
		F1C8DD362B14B47E0019531A /* Project object */ = {
			isa = PBXProject;
			attributes = {
				BuildIndependentTargetsInParallel = 1;
				LastSwiftUpdateCheck = 1500;
				LastUpgradeCheck = 1500;
				TargetAttributes = {
					F1C8DD3D2B14B47E0019531A = {
						CreatedOnToolsVersion = 15.0.1;
					};
				};
			};
			buildConfigurationList = F1C8DD392B14B47E0019531A /* Build configuration list for PBXProject "MoonPhase" */;
			compatibilityVersion = "Xcode 14.0";
			developmentRegion = en;
			hasScannedForEncodings = 0;
			knownRegions = (
				en,
				Base,
			);
			mainGroup = F1C8DD352B14B47E0019531A;
			packageReferences = (
			);
			productRefGroup = F1C8DD3F2B14B47E0019531A /* Products */;
			projectDirPath = "";
			projectRoot = "";
			targets = (
				F1C8DD3D2B14B47E0019531A /* MoonPhase */,
			);
		};
/* End PBXProject section */

/* Begin PBXResourcesBuildPhase section */
		F1C8DD3C2B14B47E0019531A /* Resources */ = {
			isa = PBXResourcesBuildPhase;
			buildActionMask = 2147483647;
			files = (
				F1C8DD492B14B4800019531A /* Preview Assets.xcassets in Resources */,
				F1C8DD462B14B4800019531A /* Assets.xcassets in Resources */,
			);
			runOnlyForDeploymentPostprocessing = 0;
		};
/* End PBXResourcesBuildPhase section */

/* Begin PBXSourcesBuildPhase section */
		F1C8DD3A2B14B47E0019531A /* Sources */ = {
			isa = PBXSourcesBuildPhase;
			buildActionMask = 2147483647;
			files = (
				F1E1EF012B173892005C9CE6 /* SolarSystemCameraScene.swift in Sources */,
				F1C8DD442B14B47E0019531A /* ContentView.swift in Sources */,
				F1C8DD422B14B47E0019531A /* MoonPhaseApp.swift in Sources */,
				F1CCC6EC2B15DA3B008F6851 /* Moon.swift in Sources */,
				F1C8DD532B14B7190019531A /* PlanetSceneView.swift in Sources */,
				F1E1EEFF2B173863005C9CE6 /* SolarSystemPlanetScene.swift in Sources */,
				F19216202B21CEFC0003726A /* SlingshotMultipleValueToggle.swift in Sources */,
			);
			runOnlyForDeploymentPostprocessing = 0;
		};
/* End PBXSourcesBuildPhase section */

/* Begin XCBuildConfiguration section */
		F1C8DD4A2B14B4800019531A /* Debug */ = {
			isa = XCBuildConfiguration;
			buildSettings = {
				ALWAYS_SEARCH_USER_PATHS = NO;
				ASSETCATALOG_COMPILER_GENERATE_SWIFT_ASSET_SYMBOL_EXTENSIONS = YES;
				CLANG_ANALYZER_NONNULL = YES;
				CLANG_ANALYZER_NUMBER_OBJECT_CONVERSION = YES_AGGRESSIVE;
				CLANG_CXX_LANGUAGE_STANDARD = "gnu++20";
				CLANG_ENABLE_MODULES = YES;
				CLANG_ENABLE_OBJC_ARC = YES;
				CLANG_ENABLE_OBJC_WEAK = YES;
				CLANG_WARN_BLOCK_CAPTURE_AUTORELEASING = YES;
				CLANG_WARN_BOOL_CONVERSION = YES;
				CLANG_WARN_COMMA = YES;
				CLANG_WARN_CONSTANT_CONVERSION = YES;
				CLANG_WARN_DEPRECATED_OBJC_IMPLEMENTATIONS = YES;
				CLANG_WARN_DIRECT_OBJC_ISA_USAGE = YES_ERROR;
				CLANG_WARN_DOCUMENTATION_COMMENTS = YES;
				CLANG_WARN_EMPTY_BODY = YES;
				CLANG_WARN_ENUM_CONVERSION = YES;
				CLANG_WARN_INFINITE_RECURSION = YES;
				CLANG_WARN_INT_CONVERSION = YES;
				CLANG_WARN_NON_LITERAL_NULL_CONVERSION = YES;
				CLANG_WARN_OBJC_IMPLICIT_RETAIN_SELF = YES;
				CLANG_WARN_OBJC_LITERAL_CONVERSION = YES;
				CLANG_WARN_OBJC_ROOT_CLASS = YES_ERROR;
				CLANG_WARN_QUOTED_INCLUDE_IN_FRAMEWORK_HEADER = YES;
				CLANG_WARN_RANGE_LOOP_ANALYSIS = YES;
				CLANG_WARN_STRICT_PROTOTYPES = YES;
				CLANG_WARN_SUSPICIOUS_MOVE = YES;
				CLANG_WARN_UNGUARDED_AVAILABILITY = YES_AGGRESSIVE;
				CLANG_WARN_UNREACHABLE_CODE = YES;
				CLANG_WARN__DUPLICATE_METHOD_MATCH = YES;
				COPY_PHASE_STRIP = NO;
				DEBUG_INFORMATION_FORMAT = dwarf;
				ENABLE_STRICT_OBJC_MSGSEND = YES;
				ENABLE_TESTABILITY = YES;
				ENABLE_USER_SCRIPT_SANDBOXING = YES;
				GCC_C_LANGUAGE_STANDARD = gnu17;
				GCC_DYNAMIC_NO_PIC = NO;
				GCC_NO_COMMON_BLOCKS = YES;
				GCC_OPTIMIZATION_LEVEL = 0;
				GCC_PREPROCESSOR_DEFINITIONS = (
					"DEBUG=1",
					"$(inherited)",
				);
				GCC_WARN_64_TO_32_BIT_CONVERSION = YES;
				GCC_WARN_ABOUT_RETURN_TYPE = YES_ERROR;
				GCC_WARN_UNDECLARED_SELECTOR = YES;
				GCC_WARN_UNINITIALIZED_AUTOS = YES_AGGRESSIVE;
				GCC_WARN_UNUSED_FUNCTION = YES;
				GCC_WARN_UNUSED_VARIABLE = YES;
				IPHONEOS_DEPLOYMENT_TARGET = 17.0;
				LOCALIZATION_PREFERS_STRING_CATALOGS = YES;
				MTL_ENABLE_DEBUG_INFO = INCLUDE_SOURCE;
				MTL_FAST_MATH = YES;
				ONLY_ACTIVE_ARCH = YES;
				SDKROOT = iphoneos;
				SWIFT_ACTIVE_COMPILATION_CONDITIONS = "DEBUG $(inherited)";
				SWIFT_OPTIMIZATION_LEVEL = "-Onone";
			};
			name = Debug;
		};
		F1C8DD4B2B14B4800019531A /* Release */ = {
			isa = XCBuildConfiguration;
			buildSettings = {
				ALWAYS_SEARCH_USER_PATHS = NO;
				ASSETCATALOG_COMPILER_GENERATE_SWIFT_ASSET_SYMBOL_EXTENSIONS = YES;
				CLANG_ANALYZER_NONNULL = YES;
				CLANG_ANALYZER_NUMBER_OBJECT_CONVERSION = YES_AGGRESSIVE;
				CLANG_CXX_LANGUAGE_STANDARD = "gnu++20";
				CLANG_ENABLE_MODULES = YES;
				CLANG_ENABLE_OBJC_ARC = YES;
				CLANG_ENABLE_OBJC_WEAK = YES;
				CLANG_WARN_BLOCK_CAPTURE_AUTORELEASING = YES;
				CLANG_WARN_BOOL_CONVERSION = YES;
				CLANG_WARN_COMMA = YES;
				CLANG_WARN_CONSTANT_CONVERSION = YES;
				CLANG_WARN_DEPRECATED_OBJC_IMPLEMENTATIONS = YES;
				CLANG_WARN_DIRECT_OBJC_ISA_USAGE = YES_ERROR;
				CLANG_WARN_DOCUMENTATION_COMMENTS = YES;
				CLANG_WARN_EMPTY_BODY = YES;
				CLANG_WARN_ENUM_CONVERSION = YES;
				CLANG_WARN_INFINITE_RECURSION = YES;
				CLANG_WARN_INT_CONVERSION = YES;
				CLANG_WARN_NON_LITERAL_NULL_CONVERSION = YES;
				CLANG_WARN_OBJC_IMPLICIT_RETAIN_SELF = YES;
				CLANG_WARN_OBJC_LITERAL_CONVERSION = YES;
				CLANG_WARN_OBJC_ROOT_CLASS = YES_ERROR;
				CLANG_WARN_QUOTED_INCLUDE_IN_FRAMEWORK_HEADER = YES;
				CLANG_WARN_RANGE_LOOP_ANALYSIS = YES;
				CLANG_WARN_STRICT_PROTOTYPES = YES;
				CLANG_WARN_SUSPICIOUS_MOVE = YES;
				CLANG_WARN_UNGUARDED_AVAILABILITY = YES_AGGRESSIVE;
				CLANG_WARN_UNREACHABLE_CODE = YES;
				CLANG_WARN__DUPLICATE_METHOD_MATCH = YES;
				COPY_PHASE_STRIP = NO;
				DEBUG_INFORMATION_FORMAT = "dwarf-with-dsym";
				ENABLE_NS_ASSERTIONS = NO;
				ENABLE_STRICT_OBJC_MSGSEND = YES;
				ENABLE_USER_SCRIPT_SANDBOXING = YES;
				GCC_C_LANGUAGE_STANDARD = gnu17;
				GCC_NO_COMMON_BLOCKS = YES;
				GCC_WARN_64_TO_32_BIT_CONVERSION = YES;
				GCC_WARN_ABOUT_RETURN_TYPE = YES_ERROR;
				GCC_WARN_UNDECLARED_SELECTOR = YES;
				GCC_WARN_UNINITIALIZED_AUTOS = YES_AGGRESSIVE;
				GCC_WARN_UNUSED_FUNCTION = YES;
				GCC_WARN_UNUSED_VARIABLE = YES;
				IPHONEOS_DEPLOYMENT_TARGET = 17.0;
				LOCALIZATION_PREFERS_STRING_CATALOGS = YES;
				MTL_ENABLE_DEBUG_INFO = NO;
				MTL_FAST_MATH = YES;
				SDKROOT = iphoneos;
				SWIFT_COMPILATION_MODE = wholemodule;
				VALIDATE_PRODUCT = YES;
			};
			name = Release;
		};
		F1C8DD4D2B14B4800019531A /* Debug */ = {
			isa = XCBuildConfiguration;
			buildSettings = {
				ASSETCATALOG_COMPILER_APPICON_NAME = AppIcon;
				ASSETCATALOG_COMPILER_GLOBAL_ACCENT_COLOR_NAME = AccentColor;
				CODE_SIGN_STYLE = Automatic;
				CURRENT_PROJECT_VERSION = 1;
				DEVELOPMENT_ASSET_PATHS = "\"MoonPhase/Preview Content\"";
				DEVELOPMENT_TEAM = QA7C3BG73H;
				ENABLE_PREVIEWS = YES;
				GENERATE_INFOPLIST_FILE = YES;
				INFOPLIST_KEY_UIApplicationSceneManifest_Generation = YES;
				INFOPLIST_KEY_UIApplicationSupportsIndirectInputEvents = YES;
				INFOPLIST_KEY_UILaunchScreen_Generation = YES;
				INFOPLIST_KEY_UISupportedInterfaceOrientations = UIInterfaceOrientationPortrait;
				INFOPLIST_KEY_UISupportedInterfaceOrientations_iPad = "UIInterfaceOrientationLandscapeLeft UIInterfaceOrientationLandscapeRight UIInterfaceOrientationPortrait UIInterfaceOrientationPortraitUpsideDown";
				LD_RUNPATH_SEARCH_PATHS = (
					"$(inherited)",
					"@executable_path/Frameworks",
				);
				MARKETING_VERSION = 1.0;
				PRODUCT_BUNDLE_IDENTIFIER = com.smallapps.MoonPhase;
				PRODUCT_NAME = "$(TARGET_NAME)";
				SWIFT_EMIT_LOC_STRINGS = YES;
				SWIFT_VERSION = 5.0;
				TARGETED_DEVICE_FAMILY = "1,2";
			};
			name = Debug;
		};
		F1C8DD4E2B14B4800019531A /* Release */ = {
			isa = XCBuildConfiguration;
			buildSettings = {
				ASSETCATALOG_COMPILER_APPICON_NAME = AppIcon;
				ASSETCATALOG_COMPILER_GLOBAL_ACCENT_COLOR_NAME = AccentColor;
				CODE_SIGN_STYLE = Automatic;
				CURRENT_PROJECT_VERSION = 1;
				DEVELOPMENT_ASSET_PATHS = "\"MoonPhase/Preview Content\"";
				DEVELOPMENT_TEAM = QA7C3BG73H;
				ENABLE_PREVIEWS = YES;
				GENERATE_INFOPLIST_FILE = YES;
				INFOPLIST_KEY_UIApplicationSceneManifest_Generation = YES;
				INFOPLIST_KEY_UIApplicationSupportsIndirectInputEvents = YES;
				INFOPLIST_KEY_UILaunchScreen_Generation = YES;
				INFOPLIST_KEY_UISupportedInterfaceOrientations = UIInterfaceOrientationPortrait;
				INFOPLIST_KEY_UISupportedInterfaceOrientations_iPad = "UIInterfaceOrientationLandscapeLeft UIInterfaceOrientationLandscapeRight UIInterfaceOrientationPortrait UIInterfaceOrientationPortraitUpsideDown";
				LD_RUNPATH_SEARCH_PATHS = (
					"$(inherited)",
					"@executable_path/Frameworks",
				);
				MARKETING_VERSION = 1.0;
				PRODUCT_BUNDLE_IDENTIFIER = com.smallapps.MoonPhase;
				PRODUCT_NAME = "$(TARGET_NAME)";
				SWIFT_EMIT_LOC_STRINGS = YES;
				SWIFT_VERSION = 5.0;
				TARGETED_DEVICE_FAMILY = "1,2";
			};
			name = Release;
		};
/* End XCBuildConfiguration section */

/* Begin XCConfigurationList section */
		F1C8DD392B14B47E0019531A /* Build configuration list for PBXProject "MoonPhase" */ = {
			isa = XCConfigurationList;
			buildConfigurations = (
				F1C8DD4A2B14B4800019531A /* Debug */,
				F1C8DD4B2B14B4800019531A /* Release */,
			);
			defaultConfigurationIsVisible = 0;
			defaultConfigurationName = Release;
		};
		F1C8DD4C2B14B4800019531A /* Build configuration list for PBXNativeTarget "MoonPhase" */ = {
			isa = XCConfigurationList;
			buildConfigurations = (
				F1C8DD4D2B14B4800019531A /* Debug */,
				F1C8DD4E2B14B4800019531A /* Release */,
			);
			defaultConfigurationIsVisible = 0;
			defaultConfigurationName = Release;
		};
/* End XCConfigurationList section */
	};
	rootObject = F1C8DD362B14B47E0019531A /* Project object */;
}
